<?xml version="1.0" encoding="utf-8"?>
<Project ToolsVersion="4.0" xmlns="http://schemas.microsoft.com/developer/msbuild/2003">
  <ItemGroup>
    <Filter Include="Source Files">
      <UniqueIdentifier>{4FC737F1-C7A5-4376-A066-2A32D752A2FF}</UniqueIdentifier>
      <Extensions>cpp;c;cc;cxx;c++;cppm;ixx;def;odl;idl;hpj;bat;asm;asmx</Extensions>
    </Filter>
    <Filter Include="Header Files">
      <UniqueIdentifier>{93995380-89BD-4b04-88EB-625FBE52EBFB}</UniqueIdentifier>
      <Extensions>h;hh;hpp;hxx;h++;hm;inl;inc;ipp;xsd</Extensions>
    </Filter>
    <Filter Include="Resource Files">
      <UniqueIdentifier>{67DA6AB6-F800-4c08-8B7A-83BB121AAD01}</UniqueIdentifier>
      <Extensions>rc;ico;cur;bmp;dlg;rc2;rct;bin;rgs;gif;jpg;jpeg;jpe;resx;tiff;tif;png;wav;mfcribbon-ms</Extensions>
    </Filter>
    <Filter Include="Source Files\UI">
      <UniqueIdentifier>{378c2683-e6d9-449f-b2c1-fa4dabfee48d}</UniqueIdentifier>
    </Filter>
    <Filter Include="Source Files\Config">
      <UniqueIdentifier>{1d749810-6faa-44e2-b926-9e8b6fd00eb1}</UniqueIdentifier>
    </Filter>
    <Filter Include="Source Files\Security">
      <UniqueIdentifier>{a69aa39f-da46-485e-a9e7-1a3aab6ec77d}</UniqueIdentifier>
    </Filter>
    <Filter Include="Source Files\Data">
      <UniqueIdentifier>{7faee629-105a-4a7c-a5fc-6e4d8819f945}</UniqueIdentifier>
    </Filter>
    <Filter Include="Source Files\Data\Vaults">
      <UniqueIdentifier>{7c1e9b85-bed8-4906-a35f-7b39360c8b73}</UniqueIdentifier>
    </Filter>
    <Filter Include="Source Files\Data\User">
      <UniqueIdentifier>{394e7694-940b-499d-9011-3bccae08533e}</UniqueIdentifier>
    </Filter>
  </ItemGroup>
  <ItemGroup>
    <ClCompile Include="src\ui\main.cpp">
      <Filter>Source Files\UI</Filter>
    </ClCompile>
    <ClCompile Include="src\security\authenticator.cpp">
      <Filter>Source Files\Security</Filter>
    </ClCompile>
    <ClCompile Include="src\security\vault_handler.cpp">
      <Filter>Source Files\Security</Filter>
    </ClCompile>
  </ItemGroup>
  <ItemGroup>
    <ClInclude Include="src\security\authenticator.h">
      <Filter>Source Files\Security</Filter>
    </ClInclude>
    <ClInclude Include="src\security\vault_handler.h">
      <Filter>Source Files\Security</Filter>
    </ClInclude>
  </ItemGroup>
  <ItemGroup>
    <None Include="config\pepper.cfg">
      <Filter>Source Files\Config</Filter>
    </None>
    <None Include="data\user.dat">
      <Filter>Source Files\Data\User</Filter>
    </None>
  </ItemGroup>
</Project>